
Microsoft Visual Studio Solution File, Format Version 12.00
# Visual Studio Version 16
VisualStudioVersion = 16.0.28922.388
MinimumVisualStudioVersion = 10.0.40219.1
Project("{9A19103F-16F7-4668-BE54-9A1E7A4F7556}") = "Exercise1", "Exercise1.csproj", "{F801DD92-8D05-4400-BEC3-6DA0F6AE80F5}"
EndProject
Global
	GlobalSection(SolutionConfigurationPlatforms) = preSolution
		Debug|Any CPU = Debug|Any CPU
		Release|Any CPU = Release|Any CPU
	EndGlobalSection
	GlobalSection(ProjectConfigurationPlatforms) = postSolution
		{F801DD92-8D05-4400-BEC3-6DA0F6AE80F5}.Debug|Any CPU.ActiveCfg = Debug|Any CPU
		{F801DD92-8D05-4400-BEC3-6DA0F6AE80F5}.Debug|Any CPU.Build.0 = Debug|Any CPU
		{F801DD92-8D05-4400-BEC3-6DA0F6AE80F5}.Release|Any CPU.ActiveCfg = Release|Any CPU
		{F801DD92-8D05-4400-BEC3-6DA0F6AE80F5}.Release|Any CPU.Build.0 = Release|Any CPU
	EndGlobalSection
	GlobalSection(SolutionProperties) = preSolution
		HideSolutionNode = FALSE
	EndGlobalSection
	GlobalSection(ExtensibilityGlobals) = postSolution
		SolutionGuid = {3473B23F-2A91-46D5-97FD-535D6C2D6793}
	EndGlobalSection
EndGlobal
